// !$*UTF8*$!
{
	archiveVersion = 1;
	classes = {
	};
	objectVersion = 46;
	objects = {

/* Begin PBXBuildFile section */
		635CD2FD1DB4A02A007F8A01 /* business-trip.controller.js in Resources */ = {isa = PBXBuildFile; fileRef = 635CD2F41DB4A02A007F8A01 /* business-trip.controller.js */; };
		635CD2FE1DB4A02A007F8A01 /* business-trip.html in Resources */ = {isa = PBXBuildFile; fileRef = 635CD2F51DB4A02A007F8A01 /* business-trip.html */; };
		635CD2FF1DB4A02A007F8A01 /* business-vetting.controller.js in Resources */ = {isa = PBXBuildFile; fileRef = 635CD2F71DB4A02A007F8A01 /* business-vetting.controller.js */; };
		635CD3001DB4A02A007F8A01 /* business-vetting.html in Resources */ = {isa = PBXBuildFile; fileRef = 635CD2F81DB4A02A007F8A01 /* business-vetting.html */; };
		635CD3011DB4A02A007F8A01 /* app.css in Resources */ = {isa = PBXBuildFile; fileRef = 635CD2FA1DB4A02A007F8A01 /* app.css */; };
		635CD3021DB4A02A007F8A01 /* font.css in Resources */ = {isa = PBXBuildFile; fileRef = 635CD2FB1DB4A02A007F8A01 /* font.css */; };
		635CD3031DB4A02A007F8A01 /* smart-table.js in Resources */ = {isa = PBXBuildFile; fileRef = 635CD2FC1DB4A02A007F8A01 /* smart-table.js */; };
		635CD30C1DB4A8CC007F8A01 /* NJKWebViewProgress.m in Sources */ = {isa = PBXBuildFile; fileRef = 635CD3091DB4A8CC007F8A01 /* NJKWebViewProgress.m */; };
		635CD30D1DB4A8CC007F8A01 /* NJKWebViewProgressView.m in Sources */ = {isa = PBXBuildFile; fileRef = 635CD30B1DB4A8CC007F8A01 /* NJKWebViewProgressView.m */; };
		635CD3101DB4A977007F8A01 /* HNAH5Controller.m in Sources */ = {isa = PBXBuildFile; fileRef = 635CD30F1DB4A977007F8A01 /* HNAH5Controller.m */; };
		635CD3131DB4B67E007F8A01 /* NSString+Categories.m in Sources */ = {isa = PBXBuildFile; fileRef = 635CD3121DB4B67E007F8A01 /* NSString+Categories.m */; };
		6381C31A1DAF56B4001AEC7D /* main.m in Sources */ = {isa = PBXBuildFile; fileRef = 6381C3191DAF56B4001AEC7D /* main.m */; };
		6381C31D1DAF56B4001AEC7D /* AppDelegate.m in Sources */ = {isa = PBXBuildFile; fileRef = 6381C31C1DAF56B4001AEC7D /* AppDelegate.m */; };
		6381C3201DAF56B4001AEC7D /* ViewController.m in Sources */ = {isa = PBXBuildFile; fileRef = 6381C31F1DAF56B4001AEC7D /* ViewController.m */; };
		6381C3231DAF56B4001AEC7D /* Main.storyboard in Resources */ = {isa = PBXBuildFile; fileRef = 6381C3211DAF56B4001AEC7D /* Main.storyboard */; };
		6381C3251DAF56B4001AEC7D /* Assets.xcassets in Resources */ = {isa = PBXBuildFile; fileRef = 6381C3241DAF56B4001AEC7D /* Assets.xcassets */; };
		6381C3281DAF56B4001AEC7D /* LaunchScreen.storyboard in Resources */ = {isa = PBXBuildFile; fileRef = 6381C3261DAF56B4001AEC7D /* LaunchScreen.storyboard */; };
		6381C3311DAF71A4001AEC7D /* JavaScriptCore.framework in Frameworks */ = {isa = PBXBuildFile; fileRef = 6381C3301DAF71A4001AEC7D /* JavaScriptCore.framework */; };
		6381C3341DAF7210001AEC7D /* TransportJSObject.m in Sources */ = {isa = PBXBuildFile; fileRef = 6381C3331DAF7210001AEC7D /* TransportJSObject.m */; };
/* End PBXBuildFile section */

/* Begin PBXFileReference section */
		635CD2F41DB4A02A007F8A01 /* business-trip.controller.js */ = {isa = PBXFileReference; fileEncoding = 4; lastKnownFileType = sourcecode.javascript; path = "business-trip.controller.js"; sourceTree = "<group>"; };
		635CD2F51DB4A02A007F8A01 /* business-trip.html */ = {isa = PBXFileReference; fileEncoding = 4; lastKnownFileType = text.html; path = "business-trip.html"; sourceTree = "<group>"; };
		635CD2F71DB4A02A007F8A01 /* business-vetting.controller.js */ = {isa = PBXFileReference; fileEncoding = 4; lastKnownFileType = sourcecode.javascript; path = "business-vetting.controller.js"; sourceTree = "<group>"; };
		635CD2F81DB4A02A007F8A01 /* business-vetting.html */ = {isa = PBXFileReference; fileEncoding = 4; lastKnownFileType = text.html; path = "business-vetting.html"; sourceTree = "<group>"; };
		635CD2FA1DB4A02A007F8A01 /* app.css */ = {isa = PBXFileReference; fileEncoding = 4; lastKnownFileType = text.css; path = app.css; sourceTree = "<group>"; };
		635CD2FB1DB4A02A007F8A01 /* font.css */ = {isa = PBXFileReference; fileEncoding = 4; lastKnownFileType = text.css; path = font.css; sourceTree = "<group>"; };
		635CD2FC1DB4A02A007F8A01 /* smart-table.js */ = {isa = PBXFileReference; fileEncoding = 4; lastKnownFileType = sourcecode.javascript; path = "smart-table.js"; sourceTree = "<group>"; };
		635CD3081DB4A8CC007F8A01 /* NJKWebViewProgress.h */ = {isa = PBXFileReference; fileEncoding = 4; lastKnownFileType = sourcecode.c.h; path = NJKWebViewProgress.h; sourceTree = "<group>"; };
		635CD3091DB4A8CC007F8A01 /* NJKWebViewProgress.m */ = {isa = PBXFileReference; fileEncoding = 4; lastKnownFileType = sourcecode.c.objc; path = NJKWebViewProgress.m; sourceTree = "<group>"; };
		635CD30A1DB4A8CC007F8A01 /* NJKWebViewProgressView.h */ = {isa = PBXFileReference; fileEncoding = 4; lastKnownFileType = sourcecode.c.h; path = NJKWebViewProgressView.h; sourceTree = "<group>"; };
		635CD30B1DB4A8CC007F8A01 /* NJKWebViewProgressView.m */ = {isa = PBXFileReference; fileEncoding = 4; lastKnownFileType = sourcecode.c.objc; path = NJKWebViewProgressView.m; sourceTree = "<group>"; };
		635CD30E1DB4A977007F8A01 /* HNAH5Controller.h */ = {isa = PBXFileReference; fileEncoding = 4; lastKnownFileType = sourcecode.c.h; path = HNAH5Controller.h; sourceTree = "<group>"; };
		635CD30F1DB4A977007F8A01 /* HNAH5Controller.m */ = {isa = PBXFileReference; fileEncoding = 4; lastKnownFileType = sourcecode.c.objc; path = HNAH5Controller.m; sourceTree = "<group>"; };
		635CD3111DB4B67E007F8A01 /* NSString+Categories.h */ = {isa = PBXFileReference; fileEncoding = 4; lastKnownFileType = sourcecode.c.h; path = "NSString+Categories.h"; sourceTree = "<group>"; };
		635CD3121DB4B67E007F8A01 /* NSString+Categories.m */ = {isa = PBXFileReference; fileEncoding = 4; lastKnownFileType = sourcecode.c.objc; path = "NSString+Categories.m"; sourceTree = "<group>"; };
		6381C3151DAF56B4001AEC7D /* HNAH5Demo.app */ = {isa = PBXFileReference; explicitFileType = wrapper.application; includeInIndex = 0; path = HNAH5Demo.app; sourceTree = BUILT_PRODUCTS_DIR; };
		6381C3191DAF56B4001AEC7D /* main.m */ = {isa = PBXFileReference; lastKnownFileType = sourcecode.c.objc; path = main.m; sourceTree = "<group>"; };
		6381C31B1DAF56B4001AEC7D /* AppDelegate.h */ = {isa = PBXFileReference; lastKnownFileType = sourcecode.c.h; path = AppDelegate.h; sourceTree = "<group>"; };
		6381C31C1DAF56B4001AEC7D /* AppDelegate.m */ = {isa = PBXFileReference; lastKnownFileType = sourcecode.c.objc; path = AppDelegate.m; sourceTree = "<group>"; };
		6381C31E1DAF56B4001AEC7D /* ViewController.h */ = {isa = PBXFileReference; lastKnownFileType = sourcecode.c.h; path = ViewController.h; sourceTree = "<group>"; };
		6381C31F1DAF56B4001AEC7D /* ViewController.m */ = {isa = PBXFileReference; lastKnownFileType = sourcecode.c.objc; path = ViewController.m; sourceTree = "<group>"; };
		6381C3221DAF56B4001AEC7D /* Base */ = {isa = PBXFileReference; lastKnownFileType = file.storyboard; name = Base; path = Base.lproj/Main.storyboard; sourceTree = "<group>"; };
		6381C3241DAF56B4001AEC7D /* Assets.xcassets */ = {isa = PBXFileReference; lastKnownFileType = folder.assetcatalog; path = Assets.xcassets; sourceTree = "<group>"; };
		6381C3271DAF56B4001AEC7D /* Base */ = {isa = PBXFileReference; lastKnownFileType = file.storyboard; name = Base; path = Base.lproj/LaunchScreen.storyboard; sourceTree = "<group>"; };
		6381C3291DAF56B4001AEC7D /* Info.plist */ = {isa = PBXFileReference; lastKnownFileType = text.plist.xml; path = Info.plist; sourceTree = "<group>"; };
		6381C3301DAF71A4001AEC7D /* JavaScriptCore.framework */ = {isa = PBXFileReference; lastKnownFileType = wrapper.framework; name = JavaScriptCore.framework; path = System/Library/Frameworks/JavaScriptCore.framework; sourceTree = SDKROOT; };
		6381C3321DAF7210001AEC7D /* TransportJSObject.h */ = {isa = PBXFileReference; fileEncoding = 4; lastKnownFileType = sourcecode.c.h; path = TransportJSObject.h; sourceTree = "<group>"; };
		6381C3331DAF7210001AEC7D /* TransportJSObject.m */ = {isa = PBXFileReference; fileEncoding = 4; lastKnownFileType = sourcecode.c.objc; path = TransportJSObject.m; sourceTree = "<group>"; };
/* End PBXFileReference section */

/* Begin PBXFrameworksBuildPhase section */
		6381C3121DAF56B3001AEC7D /* Frameworks */ = {
			isa = PBXFrameworksBuildPhase;
			buildActionMask = 2147483647;
			files = (
				6381C3311DAF71A4001AEC7D /* JavaScriptCore.framework in Frameworks */,
			);
			runOnlyForDeploymentPostprocessing = 0;
		};
/* End PBXFrameworksBuildPhase section */

/* Begin PBXGroup section */
		635CD2F21DB4A02A007F8A01 /* components */ = {
			isa = PBXGroup;
			children = (
				635CD2F31DB4A02A007F8A01 /* businesstrip */,
				635CD2F61DB4A02A007F8A01 /* businessvetting */,
				635CD2F91DB4A02A007F8A01 /* common */,
			);
			path = components;
			sourceTree = "<group>";
		};
		635CD2F31DB4A02A007F8A01 /* businesstrip */ = {
			isa = PBXGroup;
			children = (
				635CD2F41DB4A02A007F8A01 /* business-trip.controller.js */,
				635CD2F51DB4A02A007F8A01 /* business-trip.html */,
			);
			path = businesstrip;
			sourceTree = "<group>";
		};
		635CD2F61DB4A02A007F8A01 /* businessvetting */ = {
			isa = PBXGroup;
			children = (
				635CD2F71DB4A02A007F8A01 /* business-vetting.controller.js */,
				635CD2F81DB4A02A007F8A01 /* business-vetting.html */,
			);
			path = businessvetting;
			sourceTree = "<group>";
		};
		635CD2F91DB4A02A007F8A01 /* common */ = {
			isa = PBXGroup;
			children = (
				635CD2FA1DB4A02A007F8A01 /* app.css */,
				635CD2FB1DB4A02A007F8A01 /* font.css */,
				635CD2FC1DB4A02A007F8A01 /* smart-table.js */,
			);
			path = common;
			sourceTree = "<group>";
		};
		635CD3071DB4A8CC007F8A01 /* NJKWebViewProgress */ = {
			isa = PBXGroup;
			children = (
				635CD3081DB4A8CC007F8A01 /* NJKWebViewProgress.h */,
				635CD3091DB4A8CC007F8A01 /* NJKWebViewProgress.m */,
				635CD30A1DB4A8CC007F8A01 /* NJKWebViewProgressView.h */,
				635CD30B1DB4A8CC007F8A01 /* NJKWebViewProgressView.m */,
			);
			path = NJKWebViewProgress;
			sourceTree = "<group>";
		};
		6381C30C1DAF56B3001AEC7D = {
			isa = PBXGroup;
			children = (
				6381C3171DAF56B4001AEC7D /* HNAH5Demo */,
				6381C3161DAF56B4001AEC7D /* Products */,
				6381C32F1DAF71A4001AEC7D /* Frameworks */,
			);
			sourceTree = "<group>";
		};
		6381C3161DAF56B4001AEC7D /* Products */ = {
			isa = PBXGroup;
			children = (
				6381C3151DAF56B4001AEC7D /* HNAH5Demo.app */,
			);
			name = Products;
			sourceTree = "<group>";
		};
		6381C3171DAF56B4001AEC7D /* HNAH5Demo */ = {
			isa = PBXGroup;
			children = (
				6381C31B1DAF56B4001AEC7D /* AppDelegate.h */,
				6381C31C1DAF56B4001AEC7D /* AppDelegate.m */,
				6381C31E1DAF56B4001AEC7D /* ViewController.h */,
				6381C31F1DAF56B4001AEC7D /* ViewController.m */,
				635CD30E1DB4A977007F8A01 /* HNAH5Controller.h */,
				635CD30F1DB4A977007F8A01 /* HNAH5Controller.m */,
				635CD3071DB4A8CC007F8A01 /* NJKWebViewProgress */,
				6381C3211DAF56B4001AEC7D /* Main.storyboard */,
				6381C3241DAF56B4001AEC7D /* Assets.xcassets */,
				635CD2F21DB4A02A007F8A01 /* components */,
				6381C3261DAF56B4001AEC7D /* LaunchScreen.storyboard */,
				6381C3291DAF56B4001AEC7D /* Info.plist */,
				6381C3181DAF56B4001AEC7D /* Supporting Files */,
				6381C3321DAF7210001AEC7D /* TransportJSObject.h */,
				6381C3331DAF7210001AEC7D /* TransportJSObject.m */,
				635CD3111DB4B67E007F8A01 /* NSString+Categories.h */,
				635CD3121DB4B67E007F8A01 /* NSString+Categories.m */,
			);
			path = HNAH5Demo;
			sourceTree = "<group>";
		};
		6381C3181DAF56B4001AEC7D /* Supporting Files */ = {
			isa = PBXGroup;
			children = (
				6381C3191DAF56B4001AEC7D /* main.m */,
			);
			name = "Supporting Files";
			sourceTree = "<group>";
		};
		6381C32F1DAF71A4001AEC7D /* Frameworks */ = {
			isa = PBXGroup;
			children = (
				6381C3301DAF71A4001AEC7D /* JavaScriptCore.framework */,
			);
			name = Frameworks;
			sourceTree = "<group>";
		};
/* End PBXGroup section */

/* Begin PBXNativeTarget section */
		6381C3141DAF56B3001AEC7D /* HNAH5Demo */ = {
			isa = PBXNativeTarget;
			buildConfigurationList = 6381C32C1DAF56B4001AEC7D /* Build configuration list for PBXNativeTarget "HNAH5Demo" */;
			buildPhases = (
				6381C3111DAF56B3001AEC7D /* Sources */,
				6381C3121DAF56B3001AEC7D /* Frameworks */,
				6381C3131DAF56B3001AEC7D /* Resources */,
			);
			buildRules = (
			);
			dependencies = (
			);
			name = HNAH5Demo;
			productName = HNAH5Demo;
			productReference = 6381C3151DAF56B4001AEC7D /* HNAH5Demo.app */;
			productType = "com.apple.product-type.application";
		};
/* End PBXNativeTarget section */

/* Begin PBXProject section */
		6381C30D1DAF56B3001AEC7D /* Project object */ = {
			isa = PBXProject;
			attributes = {
				LastUpgradeCheck = 0800;
				ORGANIZATIONNAME = "__无邪_";
				TargetAttributes = {
					6381C3141DAF56B3001AEC7D = {
						CreatedOnToolsVersion = 8.0;
						DevelopmentTeam = DZVPA2B7A7;
						ProvisioningStyle = Automatic;
					};
				};
			};
			buildConfigurationList = 6381C3101DAF56B3001AEC7D /* Build configuration list for PBXProject "HNAH5Demo" */;
			compatibilityVersion = "Xcode 3.2";
			developmentRegion = English;
			hasScannedForEncodings = 0;
			knownRegions = (
				en,
				Base,
			);
			mainGroup = 6381C30C1DAF56B3001AEC7D;
			productRefGroup = 6381C3161DAF56B4001AEC7D /* Products */;
			projectDirPath = "";
			projectRoot = "";
			targets = (
				6381C3141DAF56B3001AEC7D /* HNAH5Demo */,
			);
		};
/* End PBXProject section */

/* Begin PBXResourcesBuildPhase section */
		6381C3131DAF56B3001AEC7D /* Resources */ = {
			isa = PBXResourcesBuildPhase;
			buildActionMask = 2147483647;
			files = (
				635CD2FD1DB4A02A007F8A01 /* business-trip.controller.js in Resources */,
				635CD3001DB4A02A007F8A01 /* business-vetting.html in Resources */,
				635CD3021DB4A02A007F8A01 /* font.css in Resources */,
				635CD3031DB4A02A007F8A01 /* smart-table.js in Resources */,
				6381C3281DAF56B4001AEC7D /* LaunchScreen.storyboard in Resources */,
				6381C3251DAF56B4001AEC7D /* Assets.xcassets in Resources */,
				635CD2FF1DB4A02A007F8A01 /* business-vetting.controller.js in Resources */,
				635CD2FE1DB4A02A007F8A01 /* business-trip.html in Resources */,
				6381C3231DAF56B4001AEC7D /* Main.storyboard in Resources */,
				635CD3011DB4A02A007F8A01 /* app.css in Resources */,
			);
			runOnlyForDeploymentPostprocessing = 0;
		};
/* End PBXResourcesBuildPhase section */

/* Begin PBXSourcesBuildPhase section */
		6381C3111DAF56B3001AEC7D /* Sources */ = {
			isa = PBXSourcesBuildPhase;
			buildActionMask = 2147483647;
			files = (
				6381C3201DAF56B4001AEC7D /* ViewController.m in Sources */,
				635CD3131DB4B67E007F8A01 /* NSString+Categories.m in Sources */,
				6381C31D1DAF56B4001AEC7D /* AppDelegate.m in Sources */,
				635CD30D1DB4A8CC007F8A01 /* NJKWebViewProgressView.m in Sources */,
				635CD3101DB4A977007F8A01 /* HNAH5Controller.m in Sources */,
				6381C31A1DAF56B4001AEC7D /* main.m in Sources */,
				6381C3341DAF7210001AEC7D /* TransportJSObject.m in Sources */,
				635CD30C1DB4A8CC007F8A01 /* NJKWebViewProgress.m in Sources */,
			);
			runOnlyForDeploymentPostprocessing = 0;
		};
/* End PBXSourcesBuildPhase section */

/* Begin PBXVariantGroup section */
		6381C3211DAF56B4001AEC7D /* Main.storyboard */ = {
			isa = PBXVariantGroup;
			children = (
				6381C3221DAF56B4001AEC7D /* Base */,
			);
			name = Main.storyboard;
			sourceTree = "<group>";
		};
		6381C3261DAF56B4001AEC7D /* LaunchScreen.storyboard */ = {
			isa = PBXVariantGroup;
			children = (
				6381C3271DAF56B4001AEC7D /* Base */,
			);
			name = LaunchScreen.storyboard;
			sourceTree = "<group>";
		};
/* End PBXVariantGroup section */

/* Begin XCBuildConfiguration section */
		6381C32A1DAF56B4001AEC7D /* Debug */ = {
			isa = XCBuildConfiguration;
			buildSettings = {
				ALWAYS_SEARCH_USER_PATHS = NO;
				CLANG_ANALYZER_NONNULL = YES;
				CLANG_CXX_LANGUAGE_STANDARD = "gnu++0x";
				CLANG_CXX_LIBRARY = "libc++";
				CLANG_ENABLE_MODULES = YES;
				CLANG_ENABLE_OBJC_ARC = YES;
				CLANG_WARN_BOOL_CONVERSION = YES;
				CLANG_WARN_CONSTANT_CONVERSION = YES;
				CLANG_WARN_DIRECT_OBJC_ISA_USAGE = YES_ERROR;
				CLANG_WARN_DOCUMENTATION_COMMENTS = YES;
				CLANG_WARN_EMPTY_BODY = YES;
				CLANG_WARN_ENUM_CONVERSION = YES;
				CLANG_WARN_INFINITE_RECURSION = YES;
				CLANG_WARN_INT_CONVERSION = YES;
				CLANG_WARN_OBJC_ROOT_CLASS = YES_ERROR;
				CLANG_WARN_SUSPICIOUS_MOVES = YES;
				CLANG_WARN_UNREACHABLE_CODE = YES;
				CLANG_WARN__DUPLICATE_METHOD_MATCH = YES;
				"CODE_SIGN_IDENTITY[sdk=iphoneos*]" = "iPhone Developer";
				COPY_PHASE_STRIP = NO;
				DEBUG_INFORMATION_FORMAT = dwarf;
				ENABLE_STRICT_OBJC_MSGSEND = YES;
				ENABLE_TESTABILITY = YES;
				GCC_C_LANGUAGE_STANDARD = gnu99;
				GCC_DYNAMIC_NO_PIC = NO;
				GCC_NO_COMMON_BLOCKS = YES;
				GCC_OPTIMIZATION_LEVEL = 0;
				GCC_PREPROCESSOR_DEFINITIONS = (
					"DEBUG=1",
					"$(inherited)",
				);
				GCC_WARN_64_TO_32_BIT_CONVERSION = YES;
				GCC_WARN_ABOUT_RETURN_TYPE = YES_ERROR;
				GCC_WARN_UNDECLARED_SELECTOR = YES;
				GCC_WARN_UNINITIALIZED_AUTOS = YES_AGGRESSIVE;
				GCC_WARN_UNUSED_FUNCTION = YES;
				GCC_WARN_UNUSED_VARIABLE = YES;
				IPHONEOS_DEPLOYMENT_TARGET = 10.0;
				MTL_ENABLE_DEBUG_INFO = YES;
				ONLY_ACTIVE_ARCH = YES;
				SDKROOT = iphoneos;
				TARGETED_DEVICE_FAMILY = "1,2";
			};
			name = Debug;
		};
		6381C32B1DAF56B4001AEC7D /* Release */ = {
			isa = XCBuildConfiguration;
			buildSettings = {
				ALWAYS_SEARCH_USER_PATHS = NO;
				CLANG_ANALYZER_NONNULL = YES;
				CLANG_CXX_LANGUAGE_STANDARD = "gnu++0x";
				CLANG_CXX_LIBRARY = "libc++";
				CLANG_ENABLE_MODULES = YES;
				CLANG_ENABLE_OBJC_ARC = YES;
				CLANG_WARN_BOOL_CONVERSION = YES;
				CLANG_WARN_CONSTANT_CONVERSION = YES;
				CLANG_WARN_DIRECT_OBJC_ISA_USAGE = YES_ERROR;
				CLANG_WARN_DOCUMENTATION_COMMENTS = YES;
				CLANG_WARN_EMPTY_BODY = YES;
				CLANG_WARN_ENUM_CONVERSION = YES;
				CLANG_WARN_INFINITE_RECURSION = YES;
				CLANG_WARN_INT_CONVERSION = YES;
				CLANG_WARN_OBJC_ROOT_CLASS = YES_ERROR;
				CLANG_WARN_SUSPICIOUS_MOVES = YES;
				CLANG_WARN_UNREACHABLE_CODE = YES;
				CLANG_WARN__DUPLICATE_METHOD_MATCH = YES;
				"CODE_SIGN_IDENTITY[sdk=iphoneos*]" = "iPhone Developer";
				COPY_PHASE_STRIP = NO;
				DEBUG_INFORMATION_FORMAT = "dwarf-with-dsym";
				ENABLE_NS_ASSERTIONS = NO;
				ENABLE_STRICT_OBJC_MSGSEND = YES;
				GCC_C_LANGUAGE_STANDARD = gnu99;
				GCC_NO_COMMON_BLOCKS = YES;
				GCC_WARN_64_TO_32_BIT_CONVERSION = YES;
				GCC_WARN_ABOUT_RETURN_TYPE = YES_ERROR;
				GCC_WARN_UNDECLARED_SELECTOR = YES;
				GCC_WARN_UNINITIALIZED_AUTOS = YES_AGGRESSIVE;
				GCC_WARN_UNUSED_FUNCTION = YES;
				GCC_WARN_UNUSED_VARIABLE = YES;
				IPHONEOS_DEPLOYMENT_TARGET = 10.0;
				MTL_ENABLE_DEBUG_INFO = NO;
				SDKROOT = iphoneos;
				TARGETED_DEVICE_FAMILY = "1,2";
				VALIDATE_PRODUCT = YES;
			};
			name = Release;
		};
		6381C32D1DAF56B4001AEC7D /* Debug */ = {
			isa = XCBuildConfiguration;
			buildSettings = {
				ASSETCATALOG_COMPILER_APPICON_NAME = AppIcon;
				DEVELOPMENT_TEAM = DZVPA2B7A7;
				INFOPLIST_FILE = HNAH5Demo/Info.plist;
				LD_RUNPATH_SEARCH_PATHS = "$(inherited) @executable_path/Frameworks";
				PRODUCT_BUNDLE_IDENTIFIER = fqah.HNA.HNAH5Demo;
				PRODUCT_NAME = "$(TARGET_NAME)";
			};
			name = Debug;
		};
		6381C32E1DAF56B4001AEC7D /* Release */ = {
			isa = XCBuildConfiguration;
			buildSettings = {
				ASSETCATALOG_COMPILER_APPICON_NAME = AppIcon;
				DEVELOPMENT_TEAM = DZVPA2B7A7;
				INFOPLIST_FILE = HNAH5Demo/Info.plist;
				LD_RUNPATH_SEARCH_PATHS = "$(inherited) @executable_path/Frameworks";
				PRODUCT_BUNDLE_IDENTIFIER = fqah.HNA.HNAH5Demo;
				PRODUCT_NAME = "$(TARGET_NAME)";
			};
			name = Release;
		};
/* End XCBuildConfiguration section */

/* Begin XCConfigurationList section */
		6381C3101DAF56B3001AEC7D /* Build configuration list for PBXProject "HNAH5Demo" */ = {
			isa = XCConfigurationList;
			buildConfigurations = (
				6381C32A1DAF56B4001AEC7D /* Debug */,
				6381C32B1DAF56B4001AEC7D /* Release */,
			);
			defaultConfigurationIsVisible = 0;
			defaultConfigurationName = Release;
		};
		6381C32C1DAF56B4001AEC7D /* Build configuration list for PBXNativeTarget "HNAH5Demo" */ = {
			isa = XCConfigurationList;
			buildConfigurations = (
				6381C32D1DAF56B4001AEC7D /* Debug */,
				6381C32E1DAF56B4001AEC7D /* Release */,
			);
			defaultConfigurationIsVisible = 0;
			defaultConfigurationName = Release;
		};
/* End XCConfigurationList section */
	};
	rootObject = 6381C30D1DAF56B3001AEC7D /* Project object */;
}
